
Microsoft Visual Studio Solution File, Format Version 12.00
# Visual Studio Version 16
VisualStudioVersion = 16.0.30907.101
MinimumVisualStudioVersion = 10.0.40219.1
Project("{FAE04EC0-301F-11D3-BF4B-00C04F79EFBC}") = "Trigonometrics", "Trigonometrics.csproj", "{515EBEBF-CAFF-45F4-B9E4-7EB98931B5B4}"
EndProject
Global
	GlobalSection(SolutionConfigurationPlatforms) = preSolution
		Debug|Any CPU = Debug|Any CPU
		Release|Any CPU = Release|Any CPU
	EndGlobalSection
	GlobalSection(ProjectConfigurationPlatforms) = postSolution
		{515EBEBF-CAFF-45F4-B9E4-7EB98931B5B4}.Debug|Any CPU.ActiveCfg = Debug|Any CPU
		{515EBEBF-CAFF-45F4-B9E4-7EB98931B5B4}.Debug|Any CPU.Build.0 = Debug|Any CPU
		{515EBEBF-CAFF-45F4-B9E4-7EB98931B5B4}.Release|Any CPU.ActiveCfg = Release|Any CPU
		{515EBEBF-CAFF-45F4-B9E4-7EB98931B5B4}.Release|Any CPU.Build.0 = Release|Any CPU
	EndGlobalSection
	GlobalSection(SolutionProperties) = preSolution
		HideSolutionNode = FALSE
	EndGlobalSection
	GlobalSection(ExtensibilityGlobals) = postSolution
		SolutionGuid = {4367F4C4-3879-4AB9-AC40-69B9CA98360D}
	EndGlobalSection
EndGlobal
